// !$*UTF8*$!
{
	archiveVersion = 1;
	classes = {
	};
	objectVersion = 46;
	objects = {

/* Begin PBXBuildFile section */
		0DC3D58B1A0566C500E85113 /* AppDelegate.swift in Sources */ = {isa = PBXBuildFile; fileRef = 0DC3D58A1A0566C500E85113 /* AppDelegate.swift */; };
		0DC3D58D1A0566C500E85113 /* ViewController.swift in Sources */ = {isa = PBXBuildFile; fileRef = 0DC3D58C1A0566C500E85113 /* ViewController.swift */; };
		0DC3D5901A0566C500E85113 /* Main.storyboard in Resources */ = {isa = PBXBuildFile; fileRef = 0DC3D58E1A0566C500E85113 /* Main.storyboard */; };
		0DC3D5921A0566C500E85113 /* Images.xcassets in Resources */ = {isa = PBXBuildFile; fileRef = 0DC3D5911A0566C500E85113 /* Images.xcassets */; };
		0DC3D5951A0566C500E85113 /* LaunchScreen.xib in Resources */ = {isa = PBXBuildFile; fileRef = 0DC3D5931A0566C500E85113 /* LaunchScreen.xib */; };
		0DC3D5A11A0566C500E85113 /* PostcardTests.swift in Sources */ = {isa = PBXBuildFile; fileRef = 0DC3D5A01A0566C500E85113 /* PostcardTests.swift */; };
		0DC3D5AB1A056C2700E85113 /* SagradaFamilia.jpeg in Resources */ = {isa = PBXBuildFile; fileRef = 0DC3D5AA1A056C2700E85113 /* SagradaFamilia.jpeg */; };
		0DC3D5AD1A056E8400E85113 /* AlbertEinsteinStamp.jpg in Resources */ = {isa = PBXBuildFile; fileRef = 0DC3D5AC1A056E8400E85113 /* AlbertEinsteinStamp.jpg */; };
/* End PBXBuildFile section */

/* Begin PBXContainerItemProxy section */
		0DC3D59B1A0566C500E85113 /* PBXContainerItemProxy */ = {
			isa = PBXContainerItemProxy;
			containerPortal = 0DC3D57D1A0566C500E85113 /* Project object */;
			proxyType = 1;
			remoteGlobalIDString = 0DC3D5841A0566C500E85113;
			remoteInfo = Postcard;
		};
/* End PBXContainerItemProxy section */

/* Begin PBXFileReference section */
		0DC3D5851A0566C500E85113 /* Postcard.app */ = {isa = PBXFileReference; explicitFileType = wrapper.application; includeInIndex = 0; path = Postcard.app; sourceTree = BUILT_PRODUCTS_DIR; };
		0DC3D5891A0566C500E85113 /* Info.plist */ = {isa = PBXFileReference; lastKnownFileType = text.plist.xml; path = Info.plist; sourceTree = "<group>"; };
		0DC3D58A1A0566C500E85113 /* AppDelegate.swift */ = {isa = PBXFileReference; lastKnownFileType = sourcecode.swift; path = AppDelegate.swift; sourceTree = "<group>"; };
		0DC3D58C1A0566C500E85113 /* ViewController.swift */ = {isa = PBXFileReference; lastKnownFileType = sourcecode.swift; path = ViewController.swift; sourceTree = "<group>"; };
		0DC3D58F1A0566C500E85113 /* Base */ = {isa = PBXFileReference; lastKnownFileType = file.storyboard; name = Base; path = Base.lproj/Main.storyboard; sourceTree = "<group>"; };
		0DC3D5911A0566C500E85113 /* Images.xcassets */ = {isa = PBXFileReference; lastKnownFileType = folder.assetcatalog; path = Images.xcassets; sourceTree = "<group>"; };
		0DC3D5941A0566C500E85113 /* Base */ = {isa = PBXFileReference; lastKnownFileType = file.xib; name = Base; path = Base.lproj/LaunchScreen.xib; sourceTree = "<group>"; };
		0DC3D59A1A0566C500E85113 /* PostcardTests.xctest */ = {isa = PBXFileReference; explicitFileType = wrapper.cfbundle; includeInIndex = 0; path = PostcardTests.xctest; sourceTree = BUILT_PRODUCTS_DIR; };
		0DC3D59F1A0566C500E85113 /* Info.plist */ = {isa = PBXFileReference; lastKnownFileType = text.plist.xml; path = Info.plist; sourceTree = "<group>"; };
		0DC3D5A01A0566C500E85113 /* PostcardTests.swift */ = {isa = PBXFileReference; lastKnownFileType = sourcecode.swift; path = PostcardTests.swift; sourceTree = "<group>"; };
		0DC3D5AA1A056C2700E85113 /* SagradaFamilia.jpeg */ = {isa = PBXFileReference; lastKnownFileType = image.jpeg; path = SagradaFamilia.jpeg; sourceTree = "<group>"; };
		0DC3D5AC1A056E8400E85113 /* AlbertEinsteinStamp.jpg */ = {isa = PBXFileReference; lastKnownFileType = image.jpeg; path = AlbertEinsteinStamp.jpg; sourceTree = "<group>"; };
/* End PBXFileReference section */

/* Begin PBXFrameworksBuildPhase section */
		0DC3D5821A0566C500E85113 /* Frameworks */ = {
			isa = PBXFrameworksBuildPhase;
			buildActionMask = 2147483647;
			files = (
			);
			runOnlyForDeploymentPostprocessing = 0;
		};
		0DC3D5971A0566C500E85113 /* Frameworks */ = {
			isa = PBXFrameworksBuildPhase;
			buildActionMask = 2147483647;
			files = (
			);
			runOnlyForDeploymentPostprocessing = 0;
		};
/* End PBXFrameworksBuildPhase section */

/* Begin PBXGroup section */
		0DC3D57C1A0566C500E85113 = {
			isa = PBXGroup;
			children = (
				0DC3D5871A0566C500E85113 /* Postcard */,
				0DC3D59D1A0566C500E85113 /* PostcardTests */,
				0DC3D5861A0566C500E85113 /* Products */,
			);
			sourceTree = "<group>";
		};
		0DC3D5861A0566C500E85113 /* Products */ = {
			isa = PBXGroup;
			children = (
				0DC3D5851A0566C500E85113 /* Postcard.app */,
				0DC3D59A1A0566C500E85113 /* PostcardTests.xctest */,
			);
			name = Products;
			sourceTree = "<group>";
		};
		0DC3D5871A0566C500E85113 /* Postcard */ = {
			isa = PBXGroup;
			children = (
				0DC3D58A1A0566C500E85113 /* AppDelegate.swift */,
				0DC3D58C1A0566C500E85113 /* ViewController.swift */,
				0DC3D58E1A0566C500E85113 /* Main.storyboard */,
				0DC3D5911A0566C500E85113 /* Images.xcassets */,
				0DC3D5931A0566C500E85113 /* LaunchScreen.xib */,
				0DC3D5881A0566C500E85113 /* Supporting Files */,
			);
			path = Postcard;
			sourceTree = "<group>";
		};
		0DC3D5881A0566C500E85113 /* Supporting Files */ = {
			isa = PBXGroup;
			children = (
				0DC3D5AC1A056E8400E85113 /* AlbertEinsteinStamp.jpg */,
				0DC3D5AA1A056C2700E85113 /* SagradaFamilia.jpeg */,
				0DC3D5891A0566C500E85113 /* Info.plist */,
			);
			name = "Supporting Files";
			sourceTree = "<group>";
		};
		0DC3D59D1A0566C500E85113 /* PostcardTests */ = {
			isa = PBXGroup;
			children = (
				0DC3D5A01A0566C500E85113 /* PostcardTests.swift */,
				0DC3D59E1A0566C500E85113 /* Supporting Files */,
			);
			path = PostcardTests;
			sourceTree = "<group>";
		};
		0DC3D59E1A0566C500E85113 /* Supporting Files */ = {
			isa = PBXGroup;
			children = (
				0DC3D59F1A0566C500E85113 /* Info.plist */,
			);
			name = "Supporting Files";
			sourceTree = "<group>";
		};
/* End PBXGroup section */

/* Begin PBXNativeTarget section */
		0DC3D5841A0566C500E85113 /* Postcard */ = {
			isa = PBXNativeTarget;
			buildConfigurationList = 0DC3D5A41A0566C500E85113 /* Build configuration list for PBXNativeTarget "Postcard" */;
			buildPhases = (
				0DC3D5811A0566C500E85113 /* Sources */,
				0DC3D5821A0566C500E85113 /* Frameworks */,
				0DC3D5831A0566C500E85113 /* Resources */,
			);
			buildRules = (
			);
			dependencies = (
			);
			name = Postcard;
			productName = Postcard;
			productReference = 0DC3D5851A0566C500E85113 /* Postcard.app */;
			productType = "com.apple.product-type.application";
		};
		0DC3D5991A0566C500E85113 /* PostcardTests */ = {
			isa = PBXNativeTarget;
			buildConfigurationList = 0DC3D5A71A0566C500E85113 /* Build configuration list for PBXNativeTarget "PostcardTests" */;
			buildPhases = (
				0DC3D5961A0566C500E85113 /* Sources */,
				0DC3D5971A0566C500E85113 /* Frameworks */,
				0DC3D5981A0566C500E85113 /* Resources */,
			);
			buildRules = (
			);
			dependencies = (
				0DC3D59C1A0566C500E85113 /* PBXTargetDependency */,
			);
			name = PostcardTests;
			productName = PostcardTests;
			productReference = 0DC3D59A1A0566C500E85113 /* PostcardTests.xctest */;
			productType = "com.apple.product-type.bundle.unit-test";
		};
/* End PBXNativeTarget section */

/* Begin PBXProject section */
		0DC3D57D1A0566C500E85113 /* Project object */ = {
			isa = PBXProject;
			attributes = {
				LastUpgradeCheck = 0610;
				ORGANIZATIONNAME = "Hour X Interactive";
				TargetAttributes = {
					0DC3D5841A0566C500E85113 = {
						CreatedOnToolsVersion = 6.1;
					};
					0DC3D5991A0566C500E85113 = {
						CreatedOnToolsVersion = 6.1;
						TestTargetID = 0DC3D5841A0566C500E85113;
					};
				};
			};
			buildConfigurationList = 0DC3D5801A0566C500E85113 /* Build configuration list for PBXProject "Postcard" */;
			compatibilityVersion = "Xcode 3.2";
			developmentRegion = English;
			hasScannedForEncodings = 0;
			knownRegions = (
				en,
				Base,
			);
			mainGroup = 0DC3D57C1A0566C500E85113;
			productRefGroup = 0DC3D5861A0566C500E85113 /* Products */;
			projectDirPath = "";
			projectRoot = "";
			targets = (
				0DC3D5841A0566C500E85113 /* Postcard */,
				0DC3D5991A0566C500E85113 /* PostcardTests */,
			);
		};
/* End PBXProject section */

/* Begin PBXResourcesBuildPhase section */
		0DC3D5831A0566C500E85113 /* Resources */ = {
			isa = PBXResourcesBuildPhase;
			buildActionMask = 2147483647;
			files = (
				0DC3D5901A0566C500E85113 /* Main.storyboard in Resources */,
				0DC3D5AB1A056C2700E85113 /* SagradaFamilia.jpeg in Resources */,
				0DC3D5AD1A056E8400E85113 /* AlbertEinsteinStamp.jpg in Resources */,
				0DC3D5951A0566C500E85113 /* LaunchScreen.xib in Resources */,
				0DC3D5921A0566C500E85113 /* Images.xcassets in Resources */,
			);
			runOnlyForDeploymentPostprocessing = 0;
		};
		0DC3D5981A0566C500E85113 /* Resources */ = {
			isa = PBXResourcesBuildPhase;
			buildActionMask = 2147483647;
			files = (
			);
			runOnlyForDeploymentPostprocessing = 0;
		};
/* End PBXResourcesBuildPhase section */

/* Begin PBXSourcesBuildPhase section */
		0DC3D5811A0566C500E85113 /* Sources */ = {
			isa = PBXSourcesBuildPhase;
			buildActionMask = 2147483647;
			files = (
				0DC3D58D1A0566C500E85113 /* ViewController.swift in Sources */,
				0DC3D58B1A0566C500E85113 /* AppDelegate.swift in Sources */,
			);
			runOnlyForDeploymentPostprocessing = 0;
		};
		0DC3D5961A0566C500E85113 /* Sources */ = {
			isa = PBXSourcesBuildPhase;
			buildActionMask = 2147483647;
			files = (
				0DC3D5A11A0566C500E85113 /* PostcardTests.swift in Sources */,
			);
			runOnlyForDeploymentPostprocessing = 0;
		};
/* End PBXSourcesBuildPhase section */

/* Begin PBXTargetDependency section */
		0DC3D59C1A0566C500E85113 /* PBXTargetDependency */ = {
			isa = PBXTargetDependency;
			target = 0DC3D5841A0566C500E85113 /* Postcard */;
			targetProxy = 0DC3D59B1A0566C500E85113 /* PBXContainerItemProxy */;
		};
/* End PBXTargetDependency section */

/* Begin PBXVariantGroup section */
		0DC3D58E1A0566C500E85113 /* Main.storyboard */ = {
			isa = PBXVariantGroup;
			children = (
				0DC3D58F1A0566C500E85113 /* Base */,
			);
			name = Main.storyboard;
			sourceTree = "<group>";
		};
		0DC3D5931A0566C500E85113 /* LaunchScreen.xib */ = {
			isa = PBXVariantGroup;
			children = (
				0DC3D5941A0566C500E85113 /* Base */,
			);
			name = LaunchScreen.xib;
			sourceTree = "<group>";
		};
/* End PBXVariantGroup section */

/* Begin XCBuildConfiguration section */
		0DC3D5A21A0566C500E85113 /* Debug */ = {
			isa = XCBuildConfiguration;
			buildSettings = {
				ALWAYS_SEARCH_USER_PATHS = NO;
				CLANG_CXX_LANGUAGE_STANDARD = "gnu++0x";
				CLANG_CXX_LIBRARY = "libc++";
				CLANG_ENABLE_MODULES = YES;
				CLANG_ENABLE_OBJC_ARC = YES;
				CLANG_WARN_BOOL_CONVERSION = YES;
				CLANG_WARN_CONSTANT_CONVERSION = YES;
				CLANG_WARN_DIRECT_OBJC_ISA_USAGE = YES_ERROR;
				CLANG_WARN_EMPTY_BODY = YES;
				CLANG_WARN_ENUM_CONVERSION = YES;
				CLANG_WARN_INT_CONVERSION = YES;
				CLANG_WARN_OBJC_ROOT_CLASS = YES_ERROR;
				CLANG_WARN_UNREACHABLE_CODE = YES;
				CLANG_WARN__DUPLICATE_METHOD_MATCH = YES;
				"CODE_SIGN_IDENTITY[sdk=iphoneos*]" = "iPhone Developer";
				COPY_PHASE_STRIP = NO;
				ENABLE_STRICT_OBJC_MSGSEND = YES;
				GCC_C_LANGUAGE_STANDARD = gnu99;
				GCC_DYNAMIC_NO_PIC = NO;
				GCC_OPTIMIZATION_LEVEL = 0;
				GCC_PREPROCESSOR_DEFINITIONS = (
					"DEBUG=1",
					"$(inherited)",
				);
				GCC_SYMBOLS_PRIVATE_EXTERN = NO;
				GCC_WARN_64_TO_32_BIT_CONVERSION = YES;
				GCC_WARN_ABOUT_RETURN_TYPE = YES_ERROR;
				GCC_WARN_UNDECLARED_SELECTOR = YES;
				GCC_WARN_UNINITIALIZED_AUTOS = YES_AGGRESSIVE;
				GCC_WARN_UNUSED_FUNCTION = YES;
				GCC_WARN_UNUSED_VARIABLE = YES;
				IPHONEOS_DEPLOYMENT_TARGET = 8.1;
				MTL_ENABLE_DEBUG_INFO = YES;
				ONLY_ACTIVE_ARCH = YES;
				SDKROOT = iphoneos;
				SWIFT_OPTIMIZATION_LEVEL = "-Onone";
				TARGETED_DEVICE_FAMILY = "1,2";
			};
			name = Debug;
		};
		0DC3D5A31A0566C500E85113 /* Release */ = {
			isa = XCBuildConfiguration;
			buildSettings = {
				ALWAYS_SEARCH_USER_PATHS = NO;
				CLANG_CXX_LANGUAGE_STANDARD = "gnu++0x";
				CLANG_CXX_LIBRARY = "libc++";
				CLANG_ENABLE_MODULES = YES;
				CLANG_ENABLE_OBJC_ARC = YES;
				CLANG_WARN_BOOL_CONVERSION = YES;
				CLANG_WARN_CONSTANT_CONVERSION = YES;
				CLANG_WARN_DIRECT_OBJC_ISA_USAGE = YES_ERROR;
				CLANG_WARN_EMPTY_BODY = YES;
				CLANG_WARN_ENUM_CONVERSION = YES;
				CLANG_WARN_INT_CONVERSION = YES;
				CLANG_WARN_OBJC_ROOT_CLASS = YES_ERROR;
				CLANG_WARN_UNREACHABLE_CODE = YES;
				CLANG_WARN__DUPLICATE_METHOD_MATCH = YES;
				"CODE_SIGN_IDENTITY[sdk=iphoneos*]" = "iPhone Developer";
				COPY_PHASE_STRIP = YES;
				ENABLE_NS_ASSERTIONS = NO;
				ENABLE_STRICT_OBJC_MSGSEND = YES;
				GCC_C_LANGUAGE_STANDARD = gnu99;
				GCC_WARN_64_TO_32_BIT_CONVERSION = YES;
				GCC_WARN_ABOUT_RETURN_TYPE = YES_ERROR;
				GCC_WARN_UNDECLARED_SELECTOR = YES;
				GCC_WARN_UNINITIALIZED_AUTOS = YES_AGGRESSIVE;
				GCC_WARN_UNUSED_FUNCTION = YES;
				GCC_WARN_UNUSED_VARIABLE = YES;
				IPHONEOS_DEPLOYMENT_TARGET = 8.1;
				MTL_ENABLE_DEBUG_INFO = NO;
				SDKROOT = iphoneos;
				TARGETED_DEVICE_FAMILY = "1,2";
				VALIDATE_PRODUCT = YES;
			};
			name = Release;
		};
		0DC3D5A51A0566C500E85113 /* Debug */ = {
			isa = XCBuildConfiguration;
			buildSettings = {
				ASSETCATALOG_COMPILER_APPICON_NAME = AppIcon;
				INFOPLIST_FILE = Postcard/Info.plist;
				LD_RUNPATH_SEARCH_PATHS = "$(inherited) @executable_path/Frameworks";
				PRODUCT_NAME = "$(TARGET_NAME)";
			};
			name = Debug;
		};
		0DC3D5A61A0566C500E85113 /* Release */ = {
			isa = XCBuildConfiguration;
			buildSettings = {
				ASSETCATALOG_COMPILER_APPICON_NAME = AppIcon;
				INFOPLIST_FILE = Postcard/Info.plist;
				LD_RUNPATH_SEARCH_PATHS = "$(inherited) @executable_path/Frameworks";
				PRODUCT_NAME = "$(TARGET_NAME)";
			};
			name = Release;
		};
		0DC3D5A81A0566C500E85113 /* Debug */ = {
			isa = XCBuildConfiguration;
			buildSettings = {
				BUNDLE_LOADER = "$(TEST_HOST)";
				FRAMEWORK_SEARCH_PATHS = (
					"$(SDKROOT)/Developer/Library/Frameworks",
					"$(inherited)",
				);
				GCC_PREPROCESSOR_DEFINITIONS = (
					"DEBUG=1",
					"$(inherited)",
				);
				INFOPLIST_FILE = PostcardTests/Info.plist;
				LD_RUNPATH_SEARCH_PATHS = "$(inherited) @executable_path/Frameworks @loader_path/Frameworks";
				PRODUCT_NAME = "$(TARGET_NAME)";
				TEST_HOST = "$(BUILT_PRODUCTS_DIR)/Postcard.app/Postcard";
			};
			name = Debug;
		};
		0DC3D5A91A0566C500E85113 /* Release */ = {
			isa = XCBuildConfiguration;
			buildSettings = {
				BUNDLE_LOADER = "$(TEST_HOST)";
				FRAMEWORK_SEARCH_PATHS = (
					"$(SDKROOT)/Developer/Library/Frameworks",
					"$(inherited)",
				);
				INFOPLIST_FILE = PostcardTests/Info.plist;
				LD_RUNPATH_SEARCH_PATHS = "$(inherited) @executable_path/Frameworks @loader_path/Frameworks";
				PRODUCT_NAME = "$(TARGET_NAME)";
				TEST_HOST = "$(BUILT_PRODUCTS_DIR)/Postcard.app/Postcard";
			};
			name = Release;
		};
/* End XCBuildConfiguration section */

/* Begin XCConfigurationList section */
		0DC3D5801A0566C500E85113 /* Build configuration list for PBXProject "Postcard" */ = {
			isa = XCConfigurationList;
			buildConfigurations = (
				0DC3D5A21A0566C500E85113 /* Debug */,
				0DC3D5A31A0566C500E85113 /* Release */,
			);
			defaultConfigurationIsVisible = 0;
			defaultConfigurationName = Release;
		};
		0DC3D5A41A0566C500E85113 /* Build configuration list for PBXNativeTarget "Postcard" */ = {
			isa = XCConfigurationList;
			buildConfigurations = (
				0DC3D5A51A0566C500E85113 /* Debug */,
				0DC3D5A61A0566C500E85113 /* Release */,
			);
			defaultConfigurationIsVisible = 0;
		};
		0DC3D5A71A0566C500E85113 /* Build configuration list for PBXNativeTarget "PostcardTests" */ = {
			isa = XCConfigurationList;
			buildConfigurations = (
				0DC3D5A81A0566C500E85113 /* Debug */,
				0DC3D5A91A0566C500E85113 /* Release */,
			);
			defaultConfigurationIsVisible = 0;
		};
/* End XCConfigurationList section */
	};
	rootObject = 0DC3D57D1A0566C500E85113 /* Project object */;
}
